
Microsoft Visual Studio Solution File, Format Version 12.00
# Visual Studio 15
VisualStudioVersion = 15.0.27703.2026
MinimumVisualStudioVersion = 10.0.40219.1
Project("{FAE04EC0-301F-11D3-BF4B-00C04F79EFBC}") = "Cosmere", "Cosmere\Cosmere.csproj", "{9212D70B-F145-4D1E-9C41-05820F71404F}"
EndProject
Global
	GlobalSection(SolutionConfigurationPlatforms) = preSolution
		Debug|Any CPU = Debug|Any CPU
		Release|Any CPU = Release|Any CPU
	EndGlobalSection
	GlobalSection(ProjectConfigurationPlatforms) = postSolution
		{9212D70B-F145-4D1E-9C41-05820F71404F}.Debug|Any CPU.ActiveCfg = Debug|Any CPU
		{9212D70B-F145-4D1E-9C41-05820F71404F}.Debug|Any CPU.Build.0 = Debug|Any CPU
		{9212D70B-F145-4D1E-9C41-05820F71404F}.Release|Any CPU.ActiveCfg = Release|Any CPU
		{9212D70B-F145-4D1E-9C41-05820F71404F}.Release|Any CPU.Build.0 = Release|Any CPU
	EndGlobalSection
	GlobalSection(SolutionProperties) = preSolution
		HideSolutionNode = FALSE
	EndGlobalSection
	GlobalSection(ExtensibilityGlobals) = postSolution
		SolutionGuid = {FFA896EA-46F5-436E-9E59-14AD9534E36A}
	EndGlobalSection
EndGlobal
